// !$*UTF8*$!
{
	archiveVersion = 1;
	classes = {
	};
	objectVersion = 46;
	objects = {

/* Begin PBXBuildFile section */
		05C0E8BE1C4717AE0039DE7F /* AppDelegate.swift in Sources */ = {isa = PBXBuildFile; fileRef = 05C0E8BD1C4717AE0039DE7F /* AppDelegate.swift */; };
		05C0E8C31C4717AE0039DE7F /* Main.storyboard in Resources */ = {isa = PBXBuildFile; fileRef = 05C0E8C11C4717AE0039DE7F /* Main.storyboard */; };
		05C0E8C51C4717AE0039DE7F /* Assets.xcassets in Resources */ = {isa = PBXBuildFile; fileRef = 05C0E8C41C4717AE0039DE7F /* Assets.xcassets */; };
		05C0E8C81C4717AE0039DE7F /* LaunchScreen.storyboard in Resources */ = {isa = PBXBuildFile; fileRef = 05C0E8C61C4717AE0039DE7F /* LaunchScreen.storyboard */; };
		05C0E8D01C4720520039DE7F /* ProductViewController.swift in Sources */ = {isa = PBXBuildFile; fileRef = 05C0E8CF1C4720520039DE7F /* ProductViewController.swift */; };
		05C0E8D21C4740860039DE7F /* ContactViewController.swift in Sources */ = {isa = PBXBuildFile; fileRef = 05C0E8D11C4740860039DE7F /* ContactViewController.swift */; };
/* End PBXBuildFile section */

/* Begin PBXFileReference section */
		05C0E8BA1C4717AE0039DE7F /* GoodAsOldPhones.app */ = {isa = PBXFileReference; explicitFileType = wrapper.application; includeInIndex = 0; path = GoodAsOldPhones.app; sourceTree = BUILT_PRODUCTS_DIR; };
		05C0E8BD1C4717AE0039DE7F /* AppDelegate.swift */ = {isa = PBXFileReference; lastKnownFileType = sourcecode.swift; path = AppDelegate.swift; sourceTree = "<group>"; };
		05C0E8C21C4717AE0039DE7F /* Base */ = {isa = PBXFileReference; lastKnownFileType = file.storyboard; name = Base; path = Base.lproj/Main.storyboard; sourceTree = "<group>"; };
		05C0E8C41C4717AE0039DE7F /* Assets.xcassets */ = {isa = PBXFileReference; lastKnownFileType = folder.assetcatalog; path = Assets.xcassets; sourceTree = "<group>"; };
		05C0E8C71C4717AE0039DE7F /* Base */ = {isa = PBXFileReference; lastKnownFileType = file.storyboard; name = Base; path = Base.lproj/LaunchScreen.storyboard; sourceTree = "<group>"; };
		05C0E8C91C4717AE0039DE7F /* Info.plist */ = {isa = PBXFileReference; lastKnownFileType = text.plist.xml; path = Info.plist; sourceTree = "<group>"; };
		05C0E8CF1C4720520039DE7F /* ProductViewController.swift */ = {isa = PBXFileReference; fileEncoding = 4; lastKnownFileType = sourcecode.swift; path = ProductViewController.swift; sourceTree = "<group>"; };
		05C0E8D11C4740860039DE7F /* ContactViewController.swift */ = {isa = PBXFileReference; fileEncoding = 4; lastKnownFileType = sourcecode.swift; path = ContactViewController.swift; sourceTree = "<group>"; };
/* End PBXFileReference section */

/* Begin PBXFrameworksBuildPhase section */
		05C0E8B71C4717AE0039DE7F /* Frameworks */ = {
			isa = PBXFrameworksBuildPhase;
			buildActionMask = 2147483647;
			files = (
			);
			runOnlyForDeploymentPostprocessing = 0;
		};
/* End PBXFrameworksBuildPhase section */

/* Begin PBXGroup section */
		05C0E8B11C4717AE0039DE7F = {
			isa = PBXGroup;
			children = (
				05C0E8BC1C4717AE0039DE7F /* GoodAsOldPhones */,
				05C0E8BB1C4717AE0039DE7F /* Products */,
			);
			sourceTree = "<group>";
		};
		05C0E8BB1C4717AE0039DE7F /* Products */ = {
			isa = PBXGroup;
			children = (
				05C0E8BA1C4717AE0039DE7F /* GoodAsOldPhones.app */,
			);
			name = Products;
			sourceTree = "<group>";
		};
		05C0E8BC1C4717AE0039DE7F /* GoodAsOldPhones */ = {
			isa = PBXGroup;
			children = (
				05C0E8BD1C4717AE0039DE7F /* AppDelegate.swift */,
				05C0E8C11C4717AE0039DE7F /* Main.storyboard */,
				05C0E8CF1C4720520039DE7F /* ProductViewController.swift */,
				05C0E8D11C4740860039DE7F /* ContactViewController.swift */,
				05C0E8C41C4717AE0039DE7F /* Assets.xcassets */,
				05C0E8C61C4717AE0039DE7F /* LaunchScreen.storyboard */,
				05C0E8C91C4717AE0039DE7F /* Info.plist */,
			);
			path = GoodAsOldPhones;
			sourceTree = "<group>";
		};
/* End PBXGroup section */

/* Begin PBXNativeTarget section */
		05C0E8B91C4717AE0039DE7F /* GoodAsOldPhones */ = {
			isa = PBXNativeTarget;
			buildConfigurationList = 05C0E8CC1C4717AE0039DE7F /* Build configuration list for PBXNativeTarget "GoodAsOldPhones" */;
			buildPhases = (
				05C0E8B61C4717AE0039DE7F /* Sources */,
				05C0E8B71C4717AE0039DE7F /* Frameworks */,
				05C0E8B81C4717AE0039DE7F /* Resources */,
			);
			buildRules = (
			);
			dependencies = (
			);
			name = GoodAsOldPhones;
			productName = GoodAsOldPhones;
			productReference = 05C0E8BA1C4717AE0039DE7F /* GoodAsOldPhones.app */;
			productType = "com.apple.product-type.application";
		};
/* End PBXNativeTarget section */

/* Begin PBXProject section */
		05C0E8B21C4717AE0039DE7F /* Project object */ = {
			isa = PBXProject;
			attributes = {
				LastSwiftUpdateCheck = 0720;
				LastUpgradeCheck = 0720;
				ORGANIZATIONNAME = Macaulay;
				TargetAttributes = {
					05C0E8B91C4717AE0039DE7F = {
						CreatedOnToolsVersion = 7.2;
					};
				};
			};
			buildConfigurationList = 05C0E8B51C4717AE0039DE7F /* Build configuration list for PBXProject "GoodAsOldPhones" */;
			compatibilityVersion = "Xcode 3.2";
			developmentRegion = English;
			hasScannedForEncodings = 0;
			knownRegions = (
				en,
				Base,
			);
			mainGroup = 05C0E8B11C4717AE0039DE7F;
			productRefGroup = 05C0E8BB1C4717AE0039DE7F /* Products */;
			projectDirPath = "";
			projectRoot = "";
			targets = (
				05C0E8B91C4717AE0039DE7F /* GoodAsOldPhones */,
			);
		};
/* End PBXProject section */

/* Begin PBXResourcesBuildPhase section */
		05C0E8B81C4717AE0039DE7F /* Resources */ = {
			isa = PBXResourcesBuildPhase;
			buildActionMask = 2147483647;
			files = (
				05C0E8C81C4717AE0039DE7F /* LaunchScreen.storyboard in Resources */,
				05C0E8C51C4717AE0039DE7F /* Assets.xcassets in Resources */,
				05C0E8C31C4717AE0039DE7F /* Main.storyboard in Resources */,
			);
			runOnlyForDeploymentPostprocessing = 0;
		};
/* End PBXResourcesBuildPhase section */

/* Begin PBXSourcesBuildPhase section */
		05C0E8B61C4717AE0039DE7F /* Sources */ = {
			isa = PBXSourcesBuildPhase;
			buildActionMask = 2147483647;
			files = (
				05C0E8D01C4720520039DE7F /* ProductViewController.swift in Sources */,
				05C0E8BE1C4717AE0039DE7F /* AppDelegate.swift in Sources */,
				05C0E8D21C4740860039DE7F /* ContactViewController.swift in Sources */,
			);
			runOnlyForDeploymentPostprocessing = 0;
		};
/* End PBXSourcesBuildPhase section */

/* Begin PBXVariantGroup section */
		05C0E8C11C4717AE0039DE7F /* Main.storyboard */ = {
			isa = PBXVariantGroup;
			children = (
				05C0E8C21C4717AE0039DE7F /* Base */,
			);
			name = Main.storyboard;
			sourceTree = "<group>";
		};
		05C0E8C61C4717AE0039DE7F /* LaunchScreen.storyboard */ = {
			isa = PBXVariantGroup;
			children = (
				05C0E8C71C4717AE0039DE7F /* Base */,
			);
			name = LaunchScreen.storyboard;
			sourceTree = "<group>";
		};
/* End PBXVariantGroup section */

/* Begin XCBuildConfiguration section */
		05C0E8CA1C4717AE0039DE7F /* Debug */ = {
			isa = XCBuildConfiguration;
			buildSettings = {
				ALWAYS_SEARCH_USER_PATHS = NO;
				CLANG_CXX_LANGUAGE_STANDARD = "gnu++0x";
				CLANG_CXX_LIBRARY = "libc++";
				CLANG_ENABLE_MODULES = YES;
				CLANG_ENABLE_OBJC_ARC = YES;
				CLANG_WARN_BOOL_CONVERSION = YES;
				CLANG_WARN_CONSTANT_CONVERSION = YES;
				CLANG_WARN_DIRECT_OBJC_ISA_USAGE = YES_ERROR;
				CLANG_WARN_EMPTY_BODY = YES;
				CLANG_WARN_ENUM_CONVERSION = YES;
				CLANG_WARN_INT_CONVERSION = YES;
				CLANG_WARN_OBJC_ROOT_CLASS = YES_ERROR;
				CLANG_WARN_UNREACHABLE_CODE = YES;
				CLANG_WARN__DUPLICATE_METHOD_MATCH = YES;
				"CODE_SIGN_IDENTITY[sdk=iphoneos*]" = "iPhone Developer";
				COPY_PHASE_STRIP = NO;
				DEBUG_INFORMATION_FORMAT = dwarf;
				ENABLE_STRICT_OBJC_MSGSEND = YES;
				ENABLE_TESTABILITY = YES;
				GCC_C_LANGUAGE_STANDARD = gnu99;
				GCC_DYNAMIC_NO_PIC = NO;
				GCC_NO_COMMON_BLOCKS = YES;
				GCC_OPTIMIZATION_LEVEL = 0;
				GCC_PREPROCESSOR_DEFINITIONS = (
					"DEBUG=1",
					"$(inherited)",
				);
				GCC_WARN_64_TO_32_BIT_CONVERSION = YES;
				GCC_WARN_ABOUT_RETURN_TYPE = YES_ERROR;
				GCC_WARN_UNDECLARED_SELECTOR = YES;
				GCC_WARN_UNINITIALIZED_AUTOS = YES_AGGRESSIVE;
				GCC_WARN_UNUSED_FUNCTION = YES;
				GCC_WARN_UNUSED_VARIABLE = YES;
				IPHONEOS_DEPLOYMENT_TARGET = 9.2;
				MTL_ENABLE_DEBUG_INFO = YES;
				ONLY_ACTIVE_ARCH = YES;
				SDKROOT = iphoneos;
				SWIFT_OPTIMIZATION_LEVEL = "-Onone";
			};
			name = Debug;
		};
		05C0E8CB1C4717AE0039DE7F /* Release */ = {
			isa = XCBuildConfiguration;
			buildSettings = {
				ALWAYS_SEARCH_USER_PATHS = NO;
				CLANG_CXX_LANGUAGE_STANDARD = "gnu++0x";
				CLANG_CXX_LIBRARY = "libc++";
				CLANG_ENABLE_MODULES = YES;
				CLANG_ENABLE_OBJC_ARC = YES;
				CLANG_WARN_BOOL_CONVERSION = YES;
				CLANG_WARN_CONSTANT_CONVERSION = YES;
				CLANG_WARN_DIRECT_OBJC_ISA_USAGE = YES_ERROR;
				CLANG_WARN_EMPTY_BODY = YES;
				CLANG_WARN_ENUM_CONVERSION = YES;
				CLANG_WARN_INT_CONVERSION = YES;
				CLANG_WARN_OBJC_ROOT_CLASS = YES_ERROR;
				CLANG_WARN_UNREACHABLE_CODE = YES;
				CLANG_WARN__DUPLICATE_METHOD_MATCH = YES;
				"CODE_SIGN_IDENTITY[sdk=iphoneos*]" = "iPhone Developer";
				COPY_PHASE_STRIP = NO;
				DEBUG_INFORMATION_FORMAT = "dwarf-with-dsym";
				ENABLE_NS_ASSERTIONS = NO;
				ENABLE_STRICT_OBJC_MSGSEND = YES;
				GCC_C_LANGUAGE_STANDARD = gnu99;
				GCC_NO_COMMON_BLOCKS = YES;
				GCC_WARN_64_TO_32_BIT_CONVERSION = YES;
				GCC_WARN_ABOUT_RETURN_TYPE = YES_ERROR;
				GCC_WARN_UNDECLARED_SELECTOR = YES;
				GCC_WARN_UNINITIALIZED_AUTOS = YES_AGGRESSIVE;
				GCC_WARN_UNUSED_FUNCTION = YES;
				GCC_WARN_UNUSED_VARIABLE = YES;
				IPHONEOS_DEPLOYMENT_TARGET = 9.2;
				MTL_ENABLE_DEBUG_INFO = NO;
				SDKROOT = iphoneos;
				VALIDATE_PRODUCT = YES;
			};
			name = Release;
		};
		05C0E8CD1C4717AE0039DE7F /* Debug */ = {
			isa = XCBuildConfiguration;
			buildSettings = {
				ASSETCATALOG_COMPILER_APPICON_NAME = AppIcon;
				INFOPLIST_FILE = GoodAsOldPhones/Info.plist;
				LD_RUNPATH_SEARCH_PATHS = "$(inherited) @executable_path/Frameworks";
				PRODUCT_BUNDLE_IDENTIFIER = Macaulay.GoodAsOldPhones;
				PRODUCT_NAME = "$(TARGET_NAME)";
			};
			name = Debug;
		};
		05C0E8CE1C4717AE0039DE7F /* Release */ = {
			isa = XCBuildConfiguration;
			buildSettings = {
				ASSETCATALOG_COMPILER_APPICON_NAME = AppIcon;
				INFOPLIST_FILE = GoodAsOldPhones/Info.plist;
				LD_RUNPATH_SEARCH_PATHS = "$(inherited) @executable_path/Frameworks";
				PRODUCT_BUNDLE_IDENTIFIER = Macaulay.GoodAsOldPhones;
				PRODUCT_NAME = "$(TARGET_NAME)";
			};
			name = Release;
		};
/* End XCBuildConfiguration section */

/* Begin XCConfigurationList section */
		05C0E8B51C4717AE0039DE7F /* Build configuration list for PBXProject "GoodAsOldPhones" */ = {
			isa = XCConfigurationList;
			buildConfigurations = (
				05C0E8CA1C4717AE0039DE7F /* Debug */,
				05C0E8CB1C4717AE0039DE7F /* Release */,
			);
			defaultConfigurationIsVisible = 0;
			defaultConfigurationName = Release;
		};
		05C0E8CC1C4717AE0039DE7F /* Build configuration list for PBXNativeTarget "GoodAsOldPhones" */ = {
			isa = XCConfigurationList;
			buildConfigurations = (
				05C0E8CD1C4717AE0039DE7F /* Debug */,
				05C0E8CE1C4717AE0039DE7F /* Release */,
			);
			defaultConfigurationIsVisible = 0;
		};
/* End XCConfigurationList section */
	};
	rootObject = 05C0E8B21C4717AE0039DE7F /* Project object */;
}
